// !$*UTF8*$!
{
	archiveVersion = 1;
	classes = {
	};
	objectVersion = 51;
	objects = {

/* Begin PBXBuildFile section */
		3EBF0DB12506FEF300B9762B /* AppDelegate.swift in Sources */ = {isa = PBXBuildFile; fileRef = 3EBF0DB02506FEF300B9762B /* AppDelegate.swift */; };
		3EBF0DB32506FEF300B9762B /* SceneDelegate.swift in Sources */ = {isa = PBXBuildFile; fileRef = 3EBF0DB22506FEF300B9762B /* SceneDelegate.swift */; };
		3EBF0DB52506FEF300B9762B /* ViewController.swift in Sources */ = {isa = PBXBuildFile; fileRef = 3EBF0DB42506FEF300B9762B /* ViewController.swift */; };
		3EBF0DB82506FEF300B9762B /* Main.storyboard in Resources */ = {isa = PBXBuildFile; fileRef = 3EBF0DB62506FEF300B9762B /* Main.storyboard */; };
		3EBF0DBA2506FEF800B9762B /* Assets.xcassets in Resources */ = {isa = PBXBuildFile; fileRef = 3EBF0DB92506FEF800B9762B /* Assets.xcassets */; };
		3EBF0DBD2506FEF800B9762B /* LaunchScreen.storyboard in Resources */ = {isa = PBXBuildFile; fileRef = 3EBF0DBB2506FEF800B9762B /* LaunchScreen.storyboard */; };
		3EBF0DC52507016900B9762B /* AppCoordinator.swift in Sources */ = {isa = PBXBuildFile; fileRef = 3EBF0DC42507016900B9762B /* AppCoordinator.swift */; };
		3EBF0DC7250710E500B9762B /* restaurants.json in Resources */ = {isa = PBXBuildFile; fileRef = 3EBF0DC6250710E500B9762B /* restaurants.json */; };
		3EBF0DC92507118D00B9762B /* Restaurant.swift in Sources */ = {isa = PBXBuildFile; fileRef = 3EBF0DC82507118D00B9762B /* Restaurant.swift */; };
		3EBF0DCB2507125B00B9762B /* RestaurantService.swift in Sources */ = {isa = PBXBuildFile; fileRef = 3EBF0DCA2507125B00B9762B /* RestaurantService.swift */; };
		7744A0A51ED4E04DF98AED54 /* Pods_MVVMRxSwift.framework in Frameworks */ = {isa = PBXBuildFile; fileRef = 5A0C7F67780BD76ABF4A5382 /* Pods_MVVMRxSwift.framework */; };
/* End PBXBuildFile section */

/* Begin PBXFileReference section */
		3EBF0DAD2506FEF300B9762B /* MVVMRxSwift.app */ = {isa = PBXFileReference; explicitFileType = wrapper.application; includeInIndex = 0; path = MVVMRxSwift.app; sourceTree = BUILT_PRODUCTS_DIR; };
		3EBF0DB02506FEF300B9762B /* AppDelegate.swift */ = {isa = PBXFileReference; lastKnownFileType = sourcecode.swift; path = AppDelegate.swift; sourceTree = "<group>"; };
		3EBF0DB22506FEF300B9762B /* SceneDelegate.swift */ = {isa = PBXFileReference; lastKnownFileType = sourcecode.swift; path = SceneDelegate.swift; sourceTree = "<group>"; };
		3EBF0DB42506FEF300B9762B /* ViewController.swift */ = {isa = PBXFileReference; lastKnownFileType = sourcecode.swift; path = ViewController.swift; sourceTree = "<group>"; };
		3EBF0DB72506FEF300B9762B /* Base */ = {isa = PBXFileReference; lastKnownFileType = file.storyboard; name = Base; path = Base.lproj/Main.storyboard; sourceTree = "<group>"; };
		3EBF0DB92506FEF800B9762B /* Assets.xcassets */ = {isa = PBXFileReference; lastKnownFileType = folder.assetcatalog; path = Assets.xcassets; sourceTree = "<group>"; };
		3EBF0DBC2506FEF800B9762B /* Base */ = {isa = PBXFileReference; lastKnownFileType = file.storyboard; name = Base; path = Base.lproj/LaunchScreen.storyboard; sourceTree = "<group>"; };
		3EBF0DBE2506FEF800B9762B /* Info.plist */ = {isa = PBXFileReference; lastKnownFileType = text.plist.xml; path = Info.plist; sourceTree = "<group>"; };
		3EBF0DC42507016900B9762B /* AppCoordinator.swift */ = {isa = PBXFileReference; lastKnownFileType = sourcecode.swift; path = AppCoordinator.swift; sourceTree = "<group>"; };
		3EBF0DC6250710E500B9762B /* restaurants.json */ = {isa = PBXFileReference; lastKnownFileType = text.json; path = restaurants.json; sourceTree = "<group>"; };
		3EBF0DC82507118D00B9762B /* Restaurant.swift */ = {isa = PBXFileReference; lastKnownFileType = sourcecode.swift; path = Restaurant.swift; sourceTree = "<group>"; };
		3EBF0DCA2507125B00B9762B /* RestaurantService.swift */ = {isa = PBXFileReference; lastKnownFileType = sourcecode.swift; path = RestaurantService.swift; sourceTree = "<group>"; };
		5A0C7F67780BD76ABF4A5382 /* Pods_MVVMRxSwift.framework */ = {isa = PBXFileReference; explicitFileType = wrapper.framework; includeInIndex = 0; path = Pods_MVVMRxSwift.framework; sourceTree = BUILT_PRODUCTS_DIR; };
		8B5A0FB2C57F60334E2FFC28 /* Pods-MVVMRxSwift.debug.xcconfig */ = {isa = PBXFileReference; includeInIndex = 1; lastKnownFileType = text.xcconfig; name = "Pods-MVVMRxSwift.debug.xcconfig"; path = "Target Support Files/Pods-MVVMRxSwift/Pods-MVVMRxSwift.debug.xcconfig"; sourceTree = "<group>"; };
		9A7E4552E9865C44261E03B8 /* Pods-MVVMRxSwift.release.xcconfig */ = {isa = PBXFileReference; includeInIndex = 1; lastKnownFileType = text.xcconfig; name = "Pods-MVVMRxSwift.release.xcconfig"; path = "Target Support Files/Pods-MVVMRxSwift/Pods-MVVMRxSwift.release.xcconfig"; sourceTree = "<group>"; };
/* End PBXFileReference section */

/* Begin PBXFrameworksBuildPhase section */
		3EBF0DAA2506FEF300B9762B /* Frameworks */ = {
			isa = PBXFrameworksBuildPhase;
			buildActionMask = 2147483647;
			files = (
				7744A0A51ED4E04DF98AED54 /* Pods_MVVMRxSwift.framework in Frameworks */,
			);
			runOnlyForDeploymentPostprocessing = 0;
		};
/* End PBXFrameworksBuildPhase section */

/* Begin PBXGroup section */
		0D72D53B9EEA6D1256ED34C8 /* Frameworks */ = {
			isa = PBXGroup;
			children = (
				5A0C7F67780BD76ABF4A5382 /* Pods_MVVMRxSwift.framework */,
			);
			name = Frameworks;
			sourceTree = "<group>";
		};
		3EBF0DA42506FEF300B9762B = {
			isa = PBXGroup;
			children = (
				3EBF0DAF2506FEF300B9762B /* MVVMRxSwift */,
				3EBF0DAE2506FEF300B9762B /* Products */,
				6C4699EB3BC8AA375581561B /* Pods */,
				0D72D53B9EEA6D1256ED34C8 /* Frameworks */,
			);
			sourceTree = "<group>";
		};
		3EBF0DAE2506FEF300B9762B /* Products */ = {
			isa = PBXGroup;
			children = (
				3EBF0DAD2506FEF300B9762B /* MVVMRxSwift.app */,
			);
			name = Products;
			sourceTree = "<group>";
		};
		3EBF0DAF2506FEF300B9762B /* MVVMRxSwift */ = {
			isa = PBXGroup;
			children = (
				3EBF0DB02506FEF300B9762B /* AppDelegate.swift */,
				3EBF0DB22506FEF300B9762B /* SceneDelegate.swift */,
				3EBF0DC42507016900B9762B /* AppCoordinator.swift */,
				3EBF0DB42506FEF300B9762B /* ViewController.swift */,
				3EBF0DB62506FEF300B9762B /* Main.storyboard */,
				3EBF0DB92506FEF800B9762B /* Assets.xcassets */,
				3EBF0DBB2506FEF800B9762B /* LaunchScreen.storyboard */,
				3EBF0DBE2506FEF800B9762B /* Info.plist */,
				3EBF0DC6250710E500B9762B /* restaurants.json */,
				3EBF0DC82507118D00B9762B /* Restaurant.swift */,
				3EBF0DCA2507125B00B9762B /* RestaurantService.swift */,
			);
			path = MVVMRxSwift;
			sourceTree = "<group>";
		};
		6C4699EB3BC8AA375581561B /* Pods */ = {
			isa = PBXGroup;
			children = (
				8B5A0FB2C57F60334E2FFC28 /* Pods-MVVMRxSwift.debug.xcconfig */,
				9A7E4552E9865C44261E03B8 /* Pods-MVVMRxSwift.release.xcconfig */,
			);
			path = Pods;
			sourceTree = "<group>";
		};
/* End PBXGroup section */

/* Begin PBXNativeTarget section */
		3EBF0DAC2506FEF300B9762B /* MVVMRxSwift */ = {
			isa = PBXNativeTarget;
			buildConfigurationList = 3EBF0DC12506FEF800B9762B /* Build configuration list for PBXNativeTarget "MVVMRxSwift" */;
			buildPhases = (
				193DF8C03A0AFDC3594477D3 /* [CP] Check Pods Manifest.lock */,
				3EBF0DA92506FEF300B9762B /* Sources */,
				3EBF0DAA2506FEF300B9762B /* Frameworks */,
				3EBF0DAB2506FEF300B9762B /* Resources */,
				B68679AC0563ED0C8CE8A2A1 /* [CP] Embed Pods Frameworks */,
			);
			buildRules = (
			);
			dependencies = (
			);
			name = MVVMRxSwift;
			productName = MVVMRxSwift;
			productReference = 3EBF0DAD2506FEF300B9762B /* MVVMRxSwift.app */;
			productType = "com.apple.product-type.application";
		};
/* End PBXNativeTarget section */

/* Begin PBXProject section */
		3EBF0DA52506FEF300B9762B /* Project object */ = {
			isa = PBXProject;
			attributes = {
				LastSwiftUpdateCheck = 1170;
				LastUpgradeCheck = 1170;
				ORGANIZATIONNAME = "Yermek Sabyrzhan";
				TargetAttributes = {
					3EBF0DAC2506FEF300B9762B = {
						CreatedOnToolsVersion = 11.7;
					};
				};
			};
			buildConfigurationList = 3EBF0DA82506FEF300B9762B /* Build configuration list for PBXProject "MVVMRxSwift" */;
			compatibilityVersion = "Xcode 9.3";
			developmentRegion = en;
			hasScannedForEncodings = 0;
			knownRegions = (
				en,
				Base,
			);
			mainGroup = 3EBF0DA42506FEF300B9762B;
			productRefGroup = 3EBF0DAE2506FEF300B9762B /* Products */;
			projectDirPath = "";
			projectRoot = "";
			targets = (
				3EBF0DAC2506FEF300B9762B /* MVVMRxSwift */,
			);
		};
/* End PBXProject section */

/* Begin PBXResourcesBuildPhase section */
		3EBF0DAB2506FEF300B9762B /* Resources */ = {
			isa = PBXResourcesBuildPhase;
			buildActionMask = 2147483647;
			files = (
				3EBF0DC7250710E500B9762B /* restaurants.json in Resources */,
				3EBF0DBD2506FEF800B9762B /* LaunchScreen.storyboard in Resources */,
				3EBF0DBA2506FEF800B9762B /* Assets.xcassets in Resources */,
				3EBF0DB82506FEF300B9762B /* Main.storyboard in Resources */,
			);
			runOnlyForDeploymentPostprocessing = 0;
		};
/* End PBXResourcesBuildPhase section */

/* Begin PBXShellScriptBuildPhase section */
		193DF8C03A0AFDC3594477D3 /* [CP] Check Pods Manifest.lock */ = {
			isa = PBXShellScriptBuildPhase;
			buildActionMask = 2147483647;
			files = (
			);
			inputFileListPaths = (
			);
			inputPaths = (
				"${PODS_PODFILE_DIR_PATH}/Podfile.lock",
				"${PODS_ROOT}/Manifest.lock",
			);
			name = "[CP] Check Pods Manifest.lock";
			outputFileListPaths = (
			);
			outputPaths = (
				"$(DERIVED_FILE_DIR)/Pods-MVVMRxSwift-checkManifestLockResult.txt",
			);
			runOnlyForDeploymentPostprocessing = 0;
			shellPath = /bin/sh;
			shellScript = "diff \"${PODS_PODFILE_DIR_PATH}/Podfile.lock\" \"${PODS_ROOT}/Manifest.lock\" > /dev/null\nif [ $? != 0 ] ; then\n    # print error to STDERR\n    echo \"error: The sandbox is not in sync with the Podfile.lock. Run 'pod install' or update your CocoaPods installation.\" >&2\n    exit 1\nfi\n# This output is used by Xcode 'outputs' to avoid re-running this script phase.\necho \"SUCCESS\" > \"${SCRIPT_OUTPUT_FILE_0}\"\n";
			showEnvVarsInLog = 0;
		};
		B68679AC0563ED0C8CE8A2A1 /* [CP] Embed Pods Frameworks */ = {
			isa = PBXShellScriptBuildPhase;
			buildActionMask = 2147483647;
			files = (
			);
			inputFileListPaths = (
				"${PODS_ROOT}/Target Support Files/Pods-MVVMRxSwift/Pods-MVVMRxSwift-frameworks-${CONFIGURATION}-input-files.xcfilelist",
			);
			name = "[CP] Embed Pods Frameworks";
			outputFileListPaths = (
				"${PODS_ROOT}/Target Support Files/Pods-MVVMRxSwift/Pods-MVVMRxSwift-frameworks-${CONFIGURATION}-output-files.xcfilelist",
			);
			runOnlyForDeploymentPostprocessing = 0;
			shellPath = /bin/sh;
			shellScript = "\"${PODS_ROOT}/Target Support Files/Pods-MVVMRxSwift/Pods-MVVMRxSwift-frameworks.sh\"\n";
			showEnvVarsInLog = 0;
		};
/* End PBXShellScriptBuildPhase section */

/* Begin PBXSourcesBuildPhase section */
		3EBF0DA92506FEF300B9762B /* Sources */ = {
			isa = PBXSourcesBuildPhase;
			buildActionMask = 2147483647;
			files = (
				3EBF0DC92507118D00B9762B /* Restaurant.swift in Sources */,
				3EBF0DC52507016900B9762B /* AppCoordinator.swift in Sources */,
				3EBF0DB52506FEF300B9762B /* ViewController.swift in Sources */,
				3EBF0DB12506FEF300B9762B /* AppDelegate.swift in Sources */,
				3EBF0DCB2507125B00B9762B /* RestaurantService.swift in Sources */,
				3EBF0DB32506FEF300B9762B /* SceneDelegate.swift in Sources */,
			);
			runOnlyForDeploymentPostprocessing = 0;
		};
/* End PBXSourcesBuildPhase section */

/* Begin PBXVariantGroup section */
		3EBF0DB62506FEF300B9762B /* Main.storyboard */ = {
			isa = PBXVariantGroup;
			children = (
				3EBF0DB72506FEF300B9762B /* Base */,
			);
			name = Main.storyboard;
			sourceTree = "<group>";
		};
		3EBF0DBB2506FEF800B9762B /* LaunchScreen.storyboard */ = {
			isa = PBXVariantGroup;
			children = (
				3EBF0DBC2506FEF800B9762B /* Base */,
			);
			name = LaunchScreen.storyboard;
			sourceTree = "<group>";
		};
/* End PBXVariantGroup section */

/* Begin XCBuildConfiguration section */
		3EBF0DBF2506FEF800B9762B /* Debug */ = {
			isa = XCBuildConfiguration;
			buildSettings = {
				ALWAYS_SEARCH_USER_PATHS = NO;
				CLANG_ANALYZER_NONNULL = YES;
				CLANG_ANALYZER_NUMBER_OBJECT_CONVERSION = YES_AGGRESSIVE;
				CLANG_CXX_LANGUAGE_STANDARD = "gnu++14";
				CLANG_CXX_LIBRARY = "libc++";
				CLANG_ENABLE_MODULES = YES;
				CLANG_ENABLE_OBJC_ARC = YES;
				CLANG_ENABLE_OBJC_WEAK = YES;
				CLANG_WARN_BLOCK_CAPTURE_AUTORELEASING = YES;
				CLANG_WARN_BOOL_CONVERSION = YES;
				CLANG_WARN_COMMA = YES;
				CLANG_WARN_CONSTANT_CONVERSION = YES;
				CLANG_WARN_DEPRECATED_OBJC_IMPLEMENTATIONS = YES;
				CLANG_WARN_DIRECT_OBJC_ISA_USAGE = YES_ERROR;
				CLANG_WARN_DOCUMENTATION_COMMENTS = YES;
				CLANG_WARN_EMPTY_BODY = YES;
				CLANG_WARN_ENUM_CONVERSION = YES;
				CLANG_WARN_INFINITE_RECURSION = YES;
				CLANG_WARN_INT_CONVERSION = YES;
				CLANG_WARN_NON_LITERAL_NULL_CONVERSION = YES;
				CLANG_WARN_OBJC_IMPLICIT_RETAIN_SELF = YES;
				CLANG_WARN_OBJC_LITERAL_CONVERSION = YES;
				CLANG_WARN_OBJC_ROOT_CLASS = YES_ERROR;
				CLANG_WARN_RANGE_LOOP_ANALYSIS = YES;
				CLANG_WARN_STRICT_PROTOTYPES = YES;
				CLANG_WARN_SUSPICIOUS_MOVE = YES;
				CLANG_WARN_UNGUARDED_AVAILABILITY = YES_AGGRESSIVE;
				CLANG_WARN_UNREACHABLE_CODE = YES;
				CLANG_WARN__DUPLICATE_METHOD_MATCH = YES;
				COPY_PHASE_STRIP = NO;
				DEBUG_INFORMATION_FORMAT = dwarf;
				ENABLE_STRICT_OBJC_MSGSEND = YES;
				ENABLE_TESTABILITY = YES;
				GCC_C_LANGUAGE_STANDARD = gnu11;
				GCC_DYNAMIC_NO_PIC = NO;
				GCC_NO_COMMON_BLOCKS = YES;
				GCC_OPTIMIZATION_LEVEL = 0;
				GCC_PREPROCESSOR_DEFINITIONS = (
					"DEBUG=1",
					"$(inherited)",
				);
				GCC_WARN_64_TO_32_BIT_CONVERSION = YES;
				GCC_WARN_ABOUT_RETURN_TYPE = YES_ERROR;
				GCC_WARN_UNDECLARED_SELECTOR = YES;
				GCC_WARN_UNINITIALIZED_AUTOS = YES_AGGRESSIVE;
				GCC_WARN_UNUSED_FUNCTION = YES;
				GCC_WARN_UNUSED_VARIABLE = YES;
				IPHONEOS_DEPLOYMENT_TARGET = 13.7;
				MTL_ENABLE_DEBUG_INFO = INCLUDE_SOURCE;
				MTL_FAST_MATH = YES;
				ONLY_ACTIVE_ARCH = YES;
				SDKROOT = iphoneos;
				SWIFT_ACTIVE_COMPILATION_CONDITIONS = DEBUG;
				SWIFT_OPTIMIZATION_LEVEL = "-Onone";
			};
			name = Debug;
		};
		3EBF0DC02506FEF800B9762B /* Release */ = {
			isa = XCBuildConfiguration;
			buildSettings = {
				ALWAYS_SEARCH_USER_PATHS = NO;
				CLANG_ANALYZER_NONNULL = YES;
				CLANG_ANALYZER_NUMBER_OBJECT_CONVERSION = YES_AGGRESSIVE;
				CLANG_CXX_LANGUAGE_STANDARD = "gnu++14";
				CLANG_CXX_LIBRARY = "libc++";
				CLANG_ENABLE_MODULES = YES;
				CLANG_ENABLE_OBJC_ARC = YES;
				CLANG_ENABLE_OBJC_WEAK = YES;
				CLANG_WARN_BLOCK_CAPTURE_AUTORELEASING = YES;
				CLANG_WARN_BOOL_CONVERSION = YES;
				CLANG_WARN_COMMA = YES;
				CLANG_WARN_CONSTANT_CONVERSION = YES;
				CLANG_WARN_DEPRECATED_OBJC_IMPLEMENTATIONS = YES;
				CLANG_WARN_DIRECT_OBJC_ISA_USAGE = YES_ERROR;
				CLANG_WARN_DOCUMENTATION_COMMENTS = YES;
				CLANG_WARN_EMPTY_BODY = YES;
				CLANG_WARN_ENUM_CONVERSION = YES;
				CLANG_WARN_INFINITE_RECURSION = YES;
				CLANG_WARN_INT_CONVERSION = YES;
				CLANG_WARN_NON_LITERAL_NULL_CONVERSION = YES;
				CLANG_WARN_OBJC_IMPLICIT_RETAIN_SELF = YES;
				CLANG_WARN_OBJC_LITERAL_CONVERSION = YES;
				CLANG_WARN_OBJC_ROOT_CLASS = YES_ERROR;
				CLANG_WARN_RANGE_LOOP_ANALYSIS = YES;
				CLANG_WARN_STRICT_PROTOTYPES = YES;
				CLANG_WARN_SUSPICIOUS_MOVE = YES;
				CLANG_WARN_UNGUARDED_AVAILABILITY = YES_AGGRESSIVE;
				CLANG_WARN_UNREACHABLE_CODE = YES;
				CLANG_WARN__DUPLICATE_METHOD_MATCH = YES;
				COPY_PHASE_STRIP = NO;
				DEBUG_INFORMATION_FORMAT = "dwarf-with-dsym";
				ENABLE_NS_ASSERTIONS = NO;
				ENABLE_STRICT_OBJC_MSGSEND = YES;
				GCC_C_LANGUAGE_STANDARD = gnu11;
				GCC_NO_COMMON_BLOCKS = YES;
				GCC_WARN_64_TO_32_BIT_CONVERSION = YES;
				GCC_WARN_ABOUT_RETURN_TYPE = YES_ERROR;
				GCC_WARN_UNDECLARED_SELECTOR = YES;
				GCC_WARN_UNINITIALIZED_AUTOS = YES_AGGRESSIVE;
				GCC_WARN_UNUSED_FUNCTION = YES;
				GCC_WARN_UNUSED_VARIABLE = YES;
				IPHONEOS_DEPLOYMENT_TARGET = 13.7;
				MTL_ENABLE_DEBUG_INFO = NO;
				MTL_FAST_MATH = YES;
				SDKROOT = iphoneos;
				SWIFT_COMPILATION_MODE = wholemodule;
				SWIFT_OPTIMIZATION_LEVEL = "-O";
				VALIDATE_PRODUCT = YES;
			};
			name = Release;
		};
		3EBF0DC22506FEF800B9762B /* Debug */ = {
			isa = XCBuildConfiguration;
			baseConfigurationReference = 8B5A0FB2C57F60334E2FFC28 /* Pods-MVVMRxSwift.debug.xcconfig */;
			buildSettings = {
				ASSETCATALOG_COMPILER_APPICON_NAME = AppIcon;
				CODE_SIGN_STYLE = Automatic;
				INFOPLIST_FILE = MVVMRxSwift/Info.plist;
				LD_RUNPATH_SEARCH_PATHS = (
					"$(inherited)",
					"@executable_path/Frameworks",
				);
				PRODUCT_BUNDLE_IDENTIFIER = com.tisobyn.MVVMRxSwift;
				PRODUCT_NAME = "$(TARGET_NAME)";
				SWIFT_VERSION = 5.0;
				TARGETED_DEVICE_FAMILY = "1,2";
			};
			name = Debug;
		};
		3EBF0DC32506FEF800B9762B /* Release */ = {
			isa = XCBuildConfiguration;
			baseConfigurationReference = 9A7E4552E9865C44261E03B8 /* Pods-MVVMRxSwift.release.xcconfig */;
			buildSettings = {
				ASSETCATALOG_COMPILER_APPICON_NAME = AppIcon;
				CODE_SIGN_STYLE = Automatic;
				INFOPLIST_FILE = MVVMRxSwift/Info.plist;
				LD_RUNPATH_SEARCH_PATHS = (
					"$(inherited)",
					"@executable_path/Frameworks",
				);
				PRODUCT_BUNDLE_IDENTIFIER = com.tisobyn.MVVMRxSwift;
				PRODUCT_NAME = "$(TARGET_NAME)";
				SWIFT_VERSION = 5.0;
				TARGETED_DEVICE_FAMILY = "1,2";
			};
			name = Release;
		};
/* End XCBuildConfiguration section */

/* Begin XCConfigurationList section */
		3EBF0DA82506FEF300B9762B /* Build configuration list for PBXProject "MVVMRxSwift" */ = {
			isa = XCConfigurationList;
			buildConfigurations = (
				3EBF0DBF2506FEF800B9762B /* Debug */,
				3EBF0DC02506FEF800B9762B /* Release */,
			);
			defaultConfigurationIsVisible = 0;
			defaultConfigurationName = Release;
		};
		3EBF0DC12506FEF800B9762B /* Build configuration list for PBXNativeTarget "MVVMRxSwift" */ = {
			isa = XCConfigurationList;
			buildConfigurations = (
				3EBF0DC22506FEF800B9762B /* Debug */,
				3EBF0DC32506FEF800B9762B /* Release */,
			);
			defaultConfigurationIsVisible = 0;
			defaultConfigurationName = Release;
		};
/* End XCConfigurationList section */
	};
	rootObject = 3EBF0DA52506FEF300B9762B /* Project object */;
}
